{
  "name": "wp-polly",
  "version": "0.0.0",
  "lockfileVersion": 1,
  "requires": true,
  "dependencies": {
    "simplayer": {
      "version": "0.0.8",
      "resolved": "https://registry.npmjs.org/simplayer/-/simplayer-0.0.8.tgz",
      "integrity": "sha1-8gzrIzFmrH84J0VmbSPzxIeSw8g="
    }
  }
}
